PODS:
  - TabPageController (0.1.0)

DEPENDENCIES:
  - TabPageController (from `../`)

EXTERNAL SOURCES:
  TabPageController:
    :path: "../"

SPEC CHECKSUMS:
  TabPageController: 92916759c2fc3e474146fd29753d01c57926c757

PODFILE CHECKSUM: 10b844a55200042a27c7e5ad4476a85ebbe50217

COCOAPODS: 1.10.0
