PODS:
  - TabPageController (1.0.0)

DEPENDENCIES:
  - TabPageController (from `../`)

EXTERNAL SOURCES:
  TabPageController:
    :path: "../"

SPEC CHECKSUMS:
  TabPageController: aff7caaeeffbf780118133fa573adc004764fbcb

PODFILE CHECKSUM: b93930622aa49b874c223055a17f70a55ab2b40d

COCOAPODS: 1.11.3
